
Microsoft Visual Studio Solution File, Format Version 12.00
# Visual Studio Version 17
VisualStudioVersion = 17.14.36414.22
MinimumVisualStudioVersion = 10.0.40219.1
Project("{FAE04EC0-301F-11D3-BF4B-00C04F79EFBC}") = "PaymentService.WebApi", "PaymentService.WebApi\PaymentService.WebApi.csproj", "{12EB6EEA-8996-4483-9D8C-28C947123B8D}"
EndProject
Project("{FAE04EC0-301F-11D3-BF4B-00C04F79EFBC}") = "PaymentService.DataAccess.Postgres", "PaymentService.DataAccess.Postgres\PaymentService.DataAccess.Postgres.csproj", "{E29DF0DE-9AA8-4869-88E1-5B4C273AC69D}"
EndProject
Global
	GlobalSection(SolutionConfigurationPlatforms) = preSolution
		Debug|Any CPU = Debug|Any CPU
		Release|Any CPU = Release|Any CPU
	EndGlobalSection
	GlobalSection(ProjectConfigurationPlatforms) = postSolution
		{12EB6EEA-8996-4483-9D8C-28C947123B8D}.Debug|Any CPU.ActiveCfg = Debug|Any CPU
		{12EB6EEA-8996-4483-9D8C-28C947123B8D}.Debug|Any CPU.Build.0 = Debug|Any CPU
		{12EB6EEA-8996-4483-9D8C-28C947123B8D}.Release|Any CPU.ActiveCfg = Release|Any CPU
		{12EB6EEA-8996-4483-9D8C-28C947123B8D}.Release|Any CPU.Build.0 = Release|Any CPU
		{E29DF0DE-9AA8-4869-88E1-5B4C273AC69D}.Debug|Any CPU.ActiveCfg = Debug|Any CPU
		{E29DF0DE-9AA8-4869-88E1-5B4C273AC69D}.Debug|Any CPU.Build.0 = Debug|Any CPU
		{E29DF0DE-9AA8-4869-88E1-5B4C273AC69D}.Release|Any CPU.ActiveCfg = Release|Any CPU
		{E29DF0DE-9AA8-4869-88E1-5B4C273AC69D}.Release|Any CPU.Build.0 = Release|Any CPU
	EndGlobalSection
	GlobalSection(SolutionProperties) = preSolution
		HideSolutionNode = FALSE
	EndGlobalSection
	GlobalSection(ExtensibilityGlobals) = postSolution
		SolutionGuid = {8E41F8B2-3386-4ED7-BB2C-BC3D644F41B0}
	EndGlobalSection
EndGlobal
